// !$*UTF8*$!
{
	archiveVersion = 1;
	classes = {
	};
	objectVersion = 46;
	objects = {

/* Begin PBXBuildFile section */
		4108673713B32803006F0B7B /* UIKit.framework in Frameworks */ = {isa = PBXBuildFile; fileRef = 4108673613B32803006F0B7B /* UIKit.framework */; };
		4108673913B32803006F0B7B /* Foundation.framework in Frameworks */ = {isa = PBXBuildFile; fileRef = 4108673813B32803006F0B7B /* Foundation.framework */; };
		4108673B13B32803006F0B7B /* CoreGraphics.framework in Frameworks */ = {isa = PBXBuildFile; fileRef = 4108673A13B32803006F0B7B /* CoreGraphics.framework */; };
		4108674113B32803006F0B7B /* InfoPlist.strings in Resources */ = {isa = PBXBuildFile; fileRef = 4108673F13B32803006F0B7B /* InfoPlist.strings */; };
		4108674413B32803006F0B7B /* main.m in Sources */ = {isa = PBXBuildFile; fileRef = 4108674313B32803006F0B7B /* main.m */; };
		4108674713B32803006F0B7B /* iTaxiAppDelegate.m in Sources */ = {isa = PBXBuildFile; fileRef = 4108674613B32803006F0B7B /* iTaxiAppDelegate.m */; };
		4108674A13B32803006F0B7B /* MainWindow.xib in Resources */ = {isa = PBXBuildFile; fileRef = 4108674813B32803006F0B7B /* MainWindow.xib */; };
		4108674D13B32803006F0B7B /* MainViewController.m in Sources */ = {isa = PBXBuildFile; fileRef = 4108674C13B32803006F0B7B /* MainViewController.m */; };
		4108675213B32803006F0B7B /* FlipsideViewController.m in Sources */ = {isa = PBXBuildFile; fileRef = 4108675113B32803006F0B7B /* FlipsideViewController.m */; };
		4108675413B32803006F0B7B /* FlipsideView.xib in Resources */ = {isa = PBXBuildFile; fileRef = 4108675313B32803006F0B7B /* FlipsideView.xib */; };
		4108675B13B328E5006F0B7B /* MapKit.framework in Frameworks */ = {isa = PBXBuildFile; fileRef = 4108675A13B328E5006F0B7B /* MapKit.framework */; };
		4108676813B3342F006F0B7B /* PlaceAnnotation.m in Sources */ = {isa = PBXBuildFile; fileRef = 4108676713B3342F006F0B7B /* PlaceAnnotation.m */; };
		4108676A13B3344D006F0B7B /* CoreLocation.framework in Frameworks */ = {isa = PBXBuildFile; fileRef = 4108676913B3344D006F0B7B /* CoreLocation.framework */; };
		410867A613B336C9006F0B7B /* CDataScanner.m in Sources */ = {isa = PBXBuildFile; fileRef = 4108678F13B336C9006F0B7B /* CDataScanner.m */; };
		410867A713B336C9006F0B7B /* CFilteringJSONSerializer.m in Sources */ = {isa = PBXBuildFile; fileRef = 4108679213B336C9006F0B7B /* CFilteringJSONSerializer.m */; };
		410867A813B336C9006F0B7B /* CJSONDeserializer_BlocksExtensions.m in Sources */ = {isa = PBXBuildFile; fileRef = 4108679413B336C9006F0B7B /* CJSONDeserializer_BlocksExtensions.m */; };
		410867A913B336C9006F0B7B /* CJSONSerialization.m in Sources */ = {isa = PBXBuildFile; fileRef = 4108679613B336C9006F0B7B /* CJSONSerialization.m */; };
		410867AA13B336C9006F0B7B /* CJSONSerializedData.m in Sources */ = {isa = PBXBuildFile; fileRef = 4108679813B336C9006F0B7B /* CJSONSerializedData.m */; };
		410867AB13B336C9006F0B7B /* CDataScanner_Extensions.m in Sources */ = {isa = PBXBuildFile; fileRef = 4108679B13B336C9006F0B7B /* CDataScanner_Extensions.m */; };
		410867AC13B336C9006F0B7B /* NSDictionary_JSONExtensions.m in Sources */ = {isa = PBXBuildFile; fileRef = 4108679D13B336C9006F0B7B /* NSDictionary_JSONExtensions.m */; };
		410867AD13B336C9006F0B7B /* CJSONDeserializer.m in Sources */ = {isa = PBXBuildFile; fileRef = 410867A013B336C9006F0B7B /* CJSONDeserializer.m */; };
		410867AE13B336C9006F0B7B /* CJSONScanner.m in Sources */ = {isa = PBXBuildFile; fileRef = 410867A213B336C9006F0B7B /* CJSONScanner.m */; };
		410867AF13B336C9006F0B7B /* CJSONSerializer.m in Sources */ = {isa = PBXBuildFile; fileRef = 410867A413B336C9006F0B7B /* CJSONSerializer.m */; };
		410867B113B336FE006F0B7B /* MobileCoreServices.framework in Frameworks */ = {isa = PBXBuildFile; fileRef = 410867B013B336FE006F0B7B /* MobileCoreServices.framework */; };
		410867B313B33713006F0B7B /* libz.dylib in Frameworks */ = {isa = PBXBuildFile; fileRef = 410867B213B33713006F0B7B /* libz.dylib */; };
		410867B513B3374F006F0B7B /* CFNetwork.framework in Frameworks */ = {isa = PBXBuildFile; fileRef = 410867B413B3374F006F0B7B /* CFNetwork.framework */; };
		410867B713B33BDE006F0B7B /* SystemConfiguration.framework in Frameworks */ = {isa = PBXBuildFile; fileRef = 410867B613B33BDE006F0B7B /* SystemConfiguration.framework */; };
		410867C513B33D01006F0B7B /* LocateAndDownload.m in Sources */ = {isa = PBXBuildFile; fileRef = 410867C413B33D01006F0B7B /* LocateAndDownload.m */; };
		A90AFD1613B7533C002FD85D /* TaxiCompany.plist in Resources */ = {isa = PBXBuildFile; fileRef = A90AFD1513B7533C002FD85D /* TaxiCompany.plist */; };
		A90AFD1C13B75720002FD85D /* TaxiCompanyViewController.m in Sources */ = {isa = PBXBuildFile; fileRef = A90AFD1B13B75720002FD85D /* TaxiCompanyViewController.m */; };
		A90AFD1F13B75896002FD85D /* TaxiCompanyTableCell.m in Sources */ = {isa = PBXBuildFile; fileRef = A90AFD1E13B75896002FD85D /* TaxiCompanyTableCell.m */; };
		A90AFD2113B758B3002FD85D /* TaxiCompanyTableCell.xib in Resources */ = {isa = PBXBuildFile; fileRef = A90AFD2013B758B2002FD85D /* TaxiCompanyTableCell.xib */; };
		A90FE10414F0CD230087A680 /* ASIAuthenticationDialog.m in Sources */ = {isa = PBXBuildFile; fileRef = A90FE0B314F0CD230087A680 /* ASIAuthenticationDialog.m */; };
		A90FE10514F0CD230087A680 /* ASIDataCompressor.m in Sources */ = {isa = PBXBuildFile; fileRef = A90FE0B614F0CD230087A680 /* ASIDataCompressor.m */; };
		A90FE10614F0CD230087A680 /* ASIDataDecompressor.m in Sources */ = {isa = PBXBuildFile; fileRef = A90FE0B814F0CD230087A680 /* ASIDataDecompressor.m */; };
		A90FE10714F0CD230087A680 /* ASIDownloadCache.m in Sources */ = {isa = PBXBuildFile; fileRef = A90FE0BA14F0CD230087A680 /* ASIDownloadCache.m */; };
		A90FE10814F0CD230087A680 /* ASIFormDataRequest.m in Sources */ = {isa = PBXBuildFile; fileRef = A90FE0BC14F0CD230087A680 /* ASIFormDataRequest.m */; };
		A90FE10914F0CD230087A680 /* ASIHTTPRequest.m in Sources */ = {isa = PBXBuildFile; fileRef = A90FE0BE14F0CD230087A680 /* ASIHTTPRequest.m */; };
		A90FE10A14F0CD230087A680 /* ASIInputStream.m in Sources */ = {isa = PBXBuildFile; fileRef = A90FE0C214F0CD230087A680 /* ASIInputStream.m */; };
		A90FE10B14F0CD230087A680 /* ASINetworkQueue.m in Sources */ = {isa = PBXBuildFile; fileRef = A90FE0C414F0CD230087A680 /* ASINetworkQueue.m */; };
		A90FE10D14F0CD230087A680 /* ASICloudFilesCDNRequest.m in Sources */ = {isa = PBXBuildFile; fileRef = A90FE0CB14F0CD230087A680 /* ASICloudFilesCDNRequest.m */; };
		A90FE10E14F0CD230087A680 /* ASICloudFilesContainer.m in Sources */ = {isa = PBXBuildFile; fileRef = A90FE0CD14F0CD230087A680 /* ASICloudFilesContainer.m */; };
		A90FE10F14F0CD230087A680 /* ASICloudFilesContainerRequest.m in Sources */ = {isa = PBXBuildFile; fileRef = A90FE0CF14F0CD230087A680 /* ASICloudFilesContainerRequest.m */; };
		A90FE11014F0CD230087A680 /* ASICloudFilesContainerXMLParserDelegate.m in Sources */ = {isa = PBXBuildFile; fileRef = A90FE0D114F0CD230087A680 /* ASICloudFilesContainerXMLParserDelegate.m */; };
		A90FE11114F0CD230087A680 /* ASICloudFilesObject.m in Sources */ = {isa = PBXBuildFile; fileRef = A90FE0D314F0CD230087A680 /* ASICloudFilesObject.m */; };
		A90FE11214F0CD230087A680 /* ASICloudFilesObjectRequest.m in Sources */ = {isa = PBXBuildFile; fileRef = A90FE0D514F0CD230087A680 /* ASICloudFilesObjectRequest.m */; };
		A90FE11314F0CD230087A680 /* ASICloudFilesRequest.m in Sources */ = {isa = PBXBuildFile; fileRef = A90FE0D714F0CD230087A680 /* ASICloudFilesRequest.m */; };
		A90FE11414F0CD230087A680 /* ASIS3Bucket.m in Sources */ = {isa = PBXBuildFile; fileRef = A90FE0DB14F0CD230087A680 /* ASIS3Bucket.m */; };
		A90FE11514F0CD230087A680 /* ASIS3BucketObject.m in Sources */ = {isa = PBXBuildFile; fileRef = A90FE0DD14F0CD230087A680 /* ASIS3BucketObject.m */; };
		A90FE11614F0CD230087A680 /* ASIS3BucketRequest.m in Sources */ = {isa = PBXBuildFile; fileRef = A90FE0DF14F0CD230087A680 /* ASIS3BucketRequest.m */; };
		A90FE11714F0CD230087A680 /* ASIS3ObjectRequest.m in Sources */ = {isa = PBXBuildFile; fileRef = A90FE0E114F0CD230087A680 /* ASIS3ObjectRequest.m */; };
		A90FE11814F0CD230087A680 /* ASIS3Request.m in Sources */ = {isa = PBXBuildFile; fileRef = A90FE0E314F0CD230087A680 /* ASIS3Request.m */; };
		A90FE11914F0CD230087A680 /* ASIS3ServiceRequest.m in Sources */ = {isa = PBXBuildFile; fileRef = A90FE0E514F0CD230087A680 /* ASIS3ServiceRequest.m */; };
		A90FE12F14F0CE320087A680 /* Reachability.m in Sources */ = {isa = PBXBuildFile; fileRef = A90FE12E14F0CE310087A680 /* Reachability.m */; };
		A955181014F1308E00C6A6E2 /* 8853bd5b7c66f6659a33f085cccad3fa.jpg in Resources */ = {isa = PBXBuildFile; fileRef = A955180F14F1308D00C6A6E2 /* 8853bd5b7c66f6659a33f085cccad3fa.jpg */; };
		A959857C15297917000C87A2 /* MapViewController.m in Sources */ = {isa = PBXBuildFile; fileRef = A959857B15297917000C87A2 /* MapViewController.m */; };
		A959859415297D76000C87A2 /* change_btn01@2x.png in Resources */ = {isa = PBXBuildFile; fileRef = A959858F15297D76000C87A2 /* change_btn01@2x.png */; };
		A959859515297D76000C87A2 /* change_btn02@2x.png in Resources */ = {isa = PBXBuildFile; fileRef = A959859015297D76000C87A2 /* change_btn02@2x.png */; };
		A959859615297D76000C87A2 /* map_btn@2x.png in Resources */ = {isa = PBXBuildFile; fileRef = A959859115297D76000C87A2 /* map_btn@2x.png */; };
		A959859715297D76000C87A2 /* send_btn01@2x.png in Resources */ = {isa = PBXBuildFile; fileRef = A959859215297D76000C87A2 /* send_btn01@2x.png */; };
		A959859815297D76000C87A2 /* send_btn02@2x.png in Resources */ = {isa = PBXBuildFile; fileRef = A959859315297D76000C87A2 /* send_btn02@2x.png */; };
		A959859A15297D7E000C87A2 /* background@2x.png in Resources */ = {isa = PBXBuildFile; fileRef = A959859915297D7E000C87A2 /* background@2x.png */; };
		A959859B1529819F000C87A2 /* MainView.xib in Resources */ = {isa = PBXBuildFile; fileRef = A959859D1529819F000C87A2 /* MainView.xib */; };
		A95A82DC13B850D200FC730D /* HistoryTableCell.m in Sources */ = {isa = PBXBuildFile; fileRef = A95A82DB13B850D200FC730D /* HistoryTableCell.m */; };
		A95A82DF13B850E200FC730D /* HistoryTableCell.xib in Resources */ = {isa = PBXBuildFile; fileRef = A95A82DE13B850E200FC730D /* HistoryTableCell.xib */; };
		A9B892C113B464880084DE04 /* GoogleLocationApi.m in Sources */ = {isa = PBXBuildFile; fileRef = A9B892C013B464880084DE04 /* GoogleLocationApi.m */; };
/* End PBXBuildFile section */

/* Begin PBXFileReference section */
		4108673213B32803006F0B7B /* itaxi.app */ = {isa = PBXFileReference; explicitFileType = wrapper.application; includeInIndex = 0; path = itaxi.app; sourceTree = BUILT_PRODUCTS_DIR; };
		4108673613B32803006F0B7B /* UIKit.framework */ = {isa = PBXFileReference; lastKnownFileType = wrapper.framework; name = UIKit.framework; path = System/Library/Frameworks/UIKit.framework; sourceTree = SDKROOT; };
		4108673813B32803006F0B7B /* Foundation.framework */ = {isa = PBXFileReference; lastKnownFileType = wrapper.framework; name = Foundation.framework; path = System/Library/Frameworks/Foundation.framework; sourceTree = SDKROOT; };
		4108673A13B32803006F0B7B /* CoreGraphics.framework */ = {isa = PBXFileReference; lastKnownFileType = wrapper.framework; name = CoreGraphics.framework; path = System/Library/Frameworks/CoreGraphics.framework; sourceTree = SDKROOT; };
		4108673E13B32803006F0B7B /* iTaxi-Info.plist */ = {isa = PBXFileReference; lastKnownFileType = text.plist.xml; path = "iTaxi-Info.plist"; sourceTree = "<group>"; };
		4108674013B32803006F0B7B /* en */ = {isa = PBXFileReference; lastKnownFileType = text.plist.strings; name = en; path = en.lproj/InfoPlist.strings; sourceTree = "<group>"; };
		4108674213B32803006F0B7B /* iTaxi-Prefix.pch */ = {isa = PBXFileReference; lastKnownFileType = sourcecode.c.h; path = "iTaxi-Prefix.pch"; sourceTree = "<group>"; };
		4108674313B32803006F0B7B /* main.m */ = {isa = PBXFileReference; lastKnownFileType = sourcecode.c.objc; path = main.m; sourceTree = "<group>"; };
		4108674513B32803006F0B7B /* iTaxiAppDelegate.h */ = {isa = PBXFileReference; lastKnownFileType = sourcecode.c.h; path = iTaxiAppDelegate.h; sourceTree = "<group>"; };
		4108674613B32803006F0B7B /* iTaxiAppDelegate.m */ = {isa = PBXFileReference; lastKnownFileType = sourcecode.c.objc; path = iTaxiAppDelegate.m; sourceTree = "<group>"; };
		4108674913B32803006F0B7B /* en */ = {isa = PBXFileReference; lastKnownFileType = file.xib; name = en; path = en.lproj/MainWindow.xib; sourceTree = "<group>"; };
		4108674B13B32803006F0B7B /* MainViewController.h */ = {isa = PBXFileReference; lastKnownFileType = sourcecode.c.h; path = MainViewController.h; sourceTree = "<group>"; };
		4108674C13B32803006F0B7B /* MainViewController.m */ = {isa = PBXFileReference; lastKnownFileType = sourcecode.c.objc; path = MainViewController.m; sourceTree = "<group>"; };
		4108675013B32803006F0B7B /* FlipsideViewController.h */ = {isa = PBXFileReference; lastKnownFileType = sourcecode.c.h; path = FlipsideViewController.h; sourceTree = "<group>"; };
		4108675113B32803006F0B7B /* FlipsideViewController.m */ = {isa = PBXFileReference; lastKnownFileType = sourcecode.c.objc; path = FlipsideViewController.m; sourceTree = "<group>"; };
		4108675313B32803006F0B7B /* FlipsideView.xib */ = {isa = PBXFileReference; lastKnownFileType = file.xib; path = FlipsideView.xib; sourceTree = "<group>"; };
		4108675A13B328E5006F0B7B /* MapKit.framework */ = {isa = PBXFileReference; lastKnownFileType = wrapper.framework; name = MapKit.framework; path = System/Library/Frameworks/MapKit.framework; sourceTree = SDKROOT; };
		4108676613B3342F006F0B7B /* PlaceAnnotation.h */ = {isa = PBXFileReference; fileEncoding = 4; lastKnownFileType = sourcecode.c.h; path = PlaceAnnotation.h; sourceTree = "<group>"; };
		4108676713B3342F006F0B7B /* PlaceAnnotation.m */ = {isa = PBXFileReference; fileEncoding = 4; lastKnownFileType = sourcecode.c.objc; path = PlaceAnnotation.m; sourceTree = "<group>"; };
		4108676913B3344D006F0B7B /* CoreLocation.framework */ = {isa = PBXFileReference; lastKnownFileType = wrapper.framework; name = CoreLocation.framework; path = System/Library/Frameworks/CoreLocation.framework; sourceTree = SDKROOT; };
		4108678E13B336C9006F0B7B /* CDataScanner.h */ = {isa = PBXFileReference; fileEncoding = 4; lastKnownFileType = sourcecode.c.h; path = CDataScanner.h; sourceTree = "<group>"; };
		4108678F13B336C9006F0B7B /* CDataScanner.m */ = {isa = PBXFileReference; fileEncoding = 4; lastKnownFileType = sourcecode.c.objc; path = CDataScanner.m; sourceTree = "<group>"; };
		4108679113B336C9006F0B7B /* CFilteringJSONSerializer.h */ = {isa = PBXFileReference; fileEncoding = 4; lastKnownFileType = sourcecode.c.h; path = CFilteringJSONSerializer.h; sourceTree = "<group>"; };
		4108679213B336C9006F0B7B /* CFilteringJSONSerializer.m */ = {isa = PBXFileReference; fileEncoding = 4; lastKnownFileType = sourcecode.c.objc; path = CFilteringJSONSerializer.m; sourceTree = "<group>"; };
		4108679313B336C9006F0B7B /* CJSONDeserializer_BlocksExtensions.h */ = {isa = PBXFileReference; fileEncoding = 4; lastKnownFileType = sourcecode.c.h; path = CJSONDeserializer_BlocksExtensions.h; sourceTree = "<group>"; };
		4108679413B336C9006F0B7B /* CJSONDeserializer_BlocksExtensions.m */ = {isa = PBXFileReference; fileEncoding = 4; lastKnownFileType = sourcecode.c.objc; path = CJSONDeserializer_BlocksExtensions.m; sourceTree = "<group>"; };
		4108679513B336C9006F0B7B /* CJSONSerialization.h */ = {isa = PBXFileReference; fileEncoding = 4; lastKnownFileType = sourcecode.c.h; path = CJSONSerialization.h; sourceTree = "<group>"; };
		4108679613B336C9006F0B7B /* CJSONSerialization.m */ = {isa = PBXFileReference; fileEncoding = 4; lastKnownFileType = sourcecode.c.objc; path = CJSONSerialization.m; sourceTree = "<group>"; };
		4108679713B336C9006F0B7B /* CJSONSerializedData.h */ = {isa = PBXFileReference; fileEncoding = 4; lastKnownFileType = sourcecode.c.h; path = CJSONSerializedData.h; sourceTree = "<group>"; };
		4108679813B336C9006F0B7B /* CJSONSerializedData.m */ = {isa = PBXFileReference; fileEncoding = 4; lastKnownFileType = sourcecode.c.objc; path = CJSONSerializedData.m; sourceTree = "<group>"; };
		4108679A13B336C9006F0B7B /* CDataScanner_Extensions.h */ = {isa = PBXFileReference; fileEncoding = 4; lastKnownFileType = sourcecode.c.h; path = CDataScanner_Extensions.h; sourceTree = "<group>"; };
		4108679B13B336C9006F0B7B /* CDataScanner_Extensions.m */ = {isa = PBXFileReference; fileEncoding = 4; lastKnownFileType = sourcecode.c.objc; path = CDataScanner_Extensions.m; sourceTree = "<group>"; };
		4108679C13B336C9006F0B7B /* NSDictionary_JSONExtensions.h */ = {isa = PBXFileReference; fileEncoding = 4; lastKnownFileType = sourcecode.c.h; path = NSDictionary_JSONExtensions.h; sourceTree = "<group>"; };
		4108679D13B336C9006F0B7B /* NSDictionary_JSONExtensions.m */ = {isa = PBXFileReference; fileEncoding = 4; lastKnownFileType = sourcecode.c.objc; path = NSDictionary_JSONExtensions.m; sourceTree = "<group>"; };
		4108679F13B336C9006F0B7B /* CJSONDeserializer.h */ = {isa = PBXFileReference; fileEncoding = 4; lastKnownFileType = sourcecode.c.h; path = CJSONDeserializer.h; sourceTree = "<group>"; };
		410867A013B336C9006F0B7B /* CJSONDeserializer.m */ = {isa = PBXFileReference; fileEncoding = 4; lastKnownFileType = sourcecode.c.objc; path = CJSONDeserializer.m; sourceTree = "<group>"; };
		410867A113B336C9006F0B7B /* CJSONScanner.h */ = {isa = PBXFileReference; fileEncoding = 4; lastKnownFileType = sourcecode.c.h; path = CJSONScanner.h; sourceTree = "<group>"; };
		410867A213B336C9006F0B7B /* CJSONScanner.m */ = {isa = PBXFileReference; fileEncoding = 4; lastKnownFileType = sourcecode.c.objc; path = CJSONScanner.m; sourceTree = "<group>"; };
		410867A313B336C9006F0B7B /* CJSONSerializer.h */ = {isa = PBXFileReference; fileEncoding = 4; lastKnownFileType = sourcecode.c.h; path = CJSONSerializer.h; sourceTree = "<group>"; };
		410867A413B336C9006F0B7B /* CJSONSerializer.m */ = {isa = PBXFileReference; fileEncoding = 4; lastKnownFileType = sourcecode.c.objc; path = CJSONSerializer.m; sourceTree = "<group>"; };
		410867A513B336C9006F0B7B /* JSONRepresentation.h */ = {isa = PBXFileReference; fileEncoding = 4; lastKnownFileType = sourcecode.c.h; path = JSONRepresentation.h; sourceTree = "<group>"; };
		410867B013B336FE006F0B7B /* MobileCoreServices.framework */ = {isa = PBXFileReference; lastKnownFileType = wrapper.framework; name = MobileCoreServices.framework; path = System/Library/Frameworks/MobileCoreServices.framework; sourceTree = SDKROOT; };
		410867B213B33713006F0B7B /* libz.dylib */ = {isa = PBXFileReference; lastKnownFileType = "compiled.mach-o.dylib"; name = libz.dylib; path = usr/lib/libz.dylib; sourceTree = SDKROOT; };
		410867B413B3374F006F0B7B /* CFNetwork.framework */ = {isa = PBXFileReference; lastKnownFileType = wrapper.framework; name = CFNetwork.framework; path = System/Library/Frameworks/CFNetwork.framework; sourceTree = SDKROOT; };
		410867B613B33BDE006F0B7B /* SystemConfiguration.framework */ = {isa = PBXFileReference; lastKnownFileType = wrapper.framework; name = SystemConfiguration.framework; path = System/Library/Frameworks/SystemConfiguration.framework; sourceTree = SDKROOT; };
		410867C313B33D01006F0B7B /* LocateAndDownload.h */ = {isa = PBXFileReference; fileEncoding = 4; lastKnownFileType = sourcecode.c.h; path = LocateAndDownload.h; sourceTree = "<group>"; };
		410867C413B33D01006F0B7B /* LocateAndDownload.m */ = {isa = PBXFileReference; fileEncoding = 4; lastKnownFileType = sourcecode.c.objc; path = LocateAndDownload.m; sourceTree = "<group>"; };
		A90AFD1513B7533C002FD85D /* TaxiCompany.plist */ = {isa = PBXFileReference; fileEncoding = 4; lastKnownFileType = text.plist.xml; path = TaxiCompany.plist; sourceTree = "<group>"; };
		A90AFD1A13B75720002FD85D /* TaxiCompanyViewController.h */ = {isa = PBXFileReference; fileEncoding = 4; lastKnownFileType = sourcecode.c.h; path = TaxiCompanyViewController.h; sourceTree = "<group>"; };
		A90AFD1B13B75720002FD85D /* TaxiCompanyViewController.m */ = {isa = PBXFileReference; fileEncoding = 4; lastKnownFileType = sourcecode.c.objc; path = TaxiCompanyViewController.m; sourceTree = "<group>"; };
		A90AFD1D13B75896002FD85D /* TaxiCompanyTableCell.h */ = {isa = PBXFileReference; fileEncoding = 4; lastKnownFileType = sourcecode.c.h; path = TaxiCompanyTableCell.h; sourceTree = "<group>"; };
		A90AFD1E13B75896002FD85D /* TaxiCompanyTableCell.m */ = {isa = PBXFileReference; fileEncoding = 4; lastKnownFileType = sourcecode.c.objc; path = TaxiCompanyTableCell.m; sourceTree = "<group>"; };
		A90AFD2013B758B2002FD85D /* TaxiCompanyTableCell.xib */ = {isa = PBXFileReference; fileEncoding = 4; lastKnownFileType = file.xib; path = TaxiCompanyTableCell.xib; sourceTree = "<group>"; };
		A90FE0B214F0CD230087A680 /* ASIAuthenticationDialog.h */ = {isa = PBXFileReference; fileEncoding = 4; lastKnownFileType = sourcecode.c.h; path = ASIAuthenticationDialog.h; sourceTree = "<group>"; };
		A90FE0B314F0CD230087A680 /* ASIAuthenticationDialog.m */ = {isa = PBXFileReference; fileEncoding = 4; lastKnownFileType = sourcecode.c.objc; path = ASIAuthenticationDialog.m; sourceTree = "<group>"; };
		A90FE0B414F0CD230087A680 /* ASICacheDelegate.h */ = {isa = PBXFileReference; fileEncoding = 4; lastKnownFileType = sourcecode.c.h; path = ASICacheDelegate.h; sourceTree = "<group>"; };
		A90FE0B514F0CD230087A680 /* ASIDataCompressor.h */ = {isa = PBXFileReference; fileEncoding = 4; lastKnownFileType = sourcecode.c.h; path = ASIDataCompressor.h; sourceTree = "<group>"; };
		A90FE0B614F0CD230087A680 /* ASIDataCompressor.m */ = {isa = PBXFileReference; fileEncoding = 4; lastKnownFileType = sourcecode.c.objc; path = ASIDataCompressor.m; sourceTree = "<group>"; };
		A90FE0B714F0CD230087A680 /* ASIDataDecompressor.h */ = {isa = PBXFileReference; fileEncoding = 4; lastKnownFileType = sourcecode.c.h; path = ASIDataDecompressor.h; sourceTree = "<group>"; };
		A90FE0B814F0CD230087A680 /* ASIDataDecompressor.m */ = {isa = PBXFileReference; fileEncoding = 4; lastKnownFileType = sourcecode.c.objc; path = ASIDataDecompressor.m; sourceTree = "<group>"; };
		A90FE0B914F0CD230087A680 /* ASIDownloadCache.h */ = {isa = PBXFileReference; fileEncoding = 4; lastKnownFileType = sourcecode.c.h; path = ASIDownloadCache.h; sourceTree = "<group>"; };
		A90FE0BA14F0CD230087A680 /* ASIDownloadCache.m */ = {isa = PBXFileReference; fileEncoding = 4; lastKnownFileType = sourcecode.c.objc; path = ASIDownloadCache.m; sourceTree = "<group>"; };
		A90FE0BB14F0CD230087A680 /* ASIFormDataRequest.h */ = {isa = PBXFileReference; fileEncoding = 4; lastKnownFileType = sourcecode.c.h; path = ASIFormDataRequest.h; sourceTree = "<group>"; };
		A90FE0BC14F0CD230087A680 /* ASIFormDataRequest.m */ = {isa = PBXFileReference; fileEncoding = 4; lastKnownFileType = sourcecode.c.objc; path = ASIFormDataRequest.m; sourceTree = "<group>"; };
		A90FE0BD14F0CD230087A680 /* ASIHTTPRequest.h */ = {isa = PBXFileReference; fileEncoding = 4; lastKnownFileType = sourcecode.c.h; path = ASIHTTPRequest.h; sourceTree = "<group>"; };
		A90FE0BE14F0CD230087A680 /* ASIHTTPRequest.m */ = {isa = PBXFileReference; fileEncoding = 4; lastKnownFileType = sourcecode.c.objc; path = ASIHTTPRequest.m; sourceTree = "<group>"; };
		A90FE0BF14F0CD230087A680 /* ASIHTTPRequestConfig.h */ = {isa = PBXFileReference; fileEncoding = 4; lastKnownFileType = sourcecode.c.h; path = ASIHTTPRequestConfig.h; sourceTree = "<group>"; };
		A90FE0C014F0CD230087A680 /* ASIHTTPRequestDelegate.h */ = {isa = PBXFileReference; fileEncoding = 4; lastKnownFileType = sourcecode.c.h; path = ASIHTTPRequestDelegate.h; sourceTree = "<group>"; };
		A90FE0C114F0CD230087A680 /* ASIInputStream.h */ = {isa = PBXFileReference; fileEncoding = 4; lastKnownFileType = sourcecode.c.h; path = ASIInputStream.h; sourceTree = "<group>"; };
		A90FE0C214F0CD230087A680 /* ASIInputStream.m */ = {isa = PBXFileReference; fileEncoding = 4; lastKnownFileType = sourcecode.c.objc; path = ASIInputStream.m; sourceTree = "<group>"; };
		A90FE0C314F0CD230087A680 /* ASINetworkQueue.h */ = {isa = PBXFileReference; fileEncoding = 4; lastKnownFileType = sourcecode.c.h; path = ASINetworkQueue.h; sourceTree = "<group>"; };
		A90FE0C414F0CD230087A680 /* ASINetworkQueue.m */ = {isa = PBXFileReference; fileEncoding = 4; lastKnownFileType = sourcecode.c.objc; path = ASINetworkQueue.m; sourceTree = "<group>"; };
		A90FE0C514F0CD230087A680 /* ASIProgressDelegate.h */ = {isa = PBXFileReference; fileEncoding = 4; lastKnownFileType = sourcecode.c.h; path = ASIProgressDelegate.h; sourceTree = "<group>"; };
		A90FE0CA14F0CD230087A680 /* ASICloudFilesCDNRequest.h */ = {isa = PBXFileReference; fileEncoding = 4; lastKnownFileType = sourcecode.c.h; path = ASICloudFilesCDNRequest.h; sourceTree = "<group>"; };
		A90FE0CB14F0CD230087A680 /* ASICloudFilesCDNRequest.m */ = {isa = PBXFileReference; fileEncoding = 4; lastKnownFileType = sourcecode.c.objc; path = ASICloudFilesCDNRequest.m; sourceTree = "<group>"; };
		A90FE0CC14F0CD230087A680 /* ASICloudFilesContainer.h */ = {isa = PBXFileReference; fileEncoding = 4; lastKnownFileType = sourcecode.c.h; path = ASICloudFilesContainer.h; sourceTree = "<group>"; };
		A90FE0CD14F0CD230087A680 /* ASICloudFilesContainer.m */ = {isa = PBXFileReference; fileEncoding = 4; lastKnownFileType = sourcecode.c.objc; path = ASICloudFilesContainer.m; sourceTree = "<group>"; };
		A90FE0CE14F0CD230087A680 /* ASICloudFilesContainerRequest.h */ = {isa = PBXFileReference; fileEncoding = 4; lastKnownFileType = sourcecode.c.h; path = ASICloudFilesContainerRequest.h; sourceTree = "<group>"; };
		A90FE0CF14F0CD230087A680 /* ASICloudFilesContainerRequest.m */ = {isa = PBXFileReference; fileEncoding = 4; lastKnownFileType = sourcecode.c.objc; path = ASICloudFilesContainerRequest.m; sourceTree = "<group>"; };
		A90FE0D014F0CD230087A680 /* ASICloudFilesContainerXMLParserDelegate.h */ = {isa = PBXFileReference; fileEncoding = 4; lastKnownFileType = sourcecode.c.h; path = ASICloudFilesContainerXMLParserDelegate.h; sourceTree = "<group>"; };
		A90FE0D114F0CD230087A680 /* ASICloudFilesContainerXMLParserDelegate.m */ = {isa = PBXFileReference; fileEncoding = 4; lastKnownFileType = sourcecode.c.objc; path = ASICloudFilesContainerXMLParserDelegate.m; sourceTree = "<group>"; };
		A90FE0D214F0CD230087A680 /* ASICloudFilesObject.h */ = {isa = PBXFileReference; fileEncoding = 4; lastKnownFileType = sourcecode.c.h; path = ASICloudFilesObject.h; sourceTree = "<group>"; };
		A90FE0D314F0CD230087A680 /* ASICloudFilesObject.m */ = {isa = PBXFileReference; fileEncoding = 4; lastKnownFileType = sourcecode.c.objc; path = ASICloudFilesObject.m; sourceTree = "<group>"; };
		A90FE0D414F0CD230087A680 /* ASICloudFilesObjectRequest.h */ = {isa = PBXFileReference; fileEncoding = 4; lastKnownFileType = sourcecode.c.h; path = ASICloudFilesObjectRequest.h; sourceTree = "<group>"; };
		A90FE0D514F0CD230087A680 /* ASICloudFilesObjectRequest.m */ = {isa = PBXFileReference; fileEncoding = 4; lastKnownFileType = sourcecode.c.objc; path = ASICloudFilesObjectRequest.m; sourceTree = "<group>"; };
		A90FE0D614F0CD230087A680 /* ASICloudFilesRequest.h */ = {isa = PBXFileReference; fileEncoding = 4; lastKnownFileType = sourcecode.c.h; path = ASICloudFilesRequest.h; sourceTree = "<group>"; };
		A90FE0D714F0CD230087A680 /* ASICloudFilesRequest.m */ = {isa = PBXFileReference; fileEncoding = 4; lastKnownFileType = sourcecode.c.objc; path = ASICloudFilesRequest.m; sourceTree = "<group>"; };
		A90FE0D914F0CD230087A680 /* ASINSXMLParserCompat.h */ = {isa = PBXFileReference; fileEncoding = 4; lastKnownFileType = sourcecode.c.h; path = ASINSXMLParserCompat.h; sourceTree = "<group>"; };
		A90FE0DA14F0CD230087A680 /* ASIS3Bucket.h */ = {isa = PBXFileReference; fileEncoding = 4; lastKnownFileType = sourcecode.c.h; path = ASIS3Bucket.h; sourceTree = "<group>"; };
		A90FE0DB14F0CD230087A680 /* ASIS3Bucket.m */ = {isa = PBXFileReference; fileEncoding = 4; lastKnownFileType = sourcecode.c.objc; path = ASIS3Bucket.m; sourceTree = "<group>"; };
		A90FE0DC14F0CD230087A680 /* ASIS3BucketObject.h */ = {isa = PBXFileReference; fileEncoding = 4; lastKnownFileType = sourcecode.c.h; path = ASIS3BucketObject.h; sourceTree = "<group>"; };
		A90FE0DD14F0CD230087A680 /* ASIS3BucketObject.m */ = {isa = PBXFileReference; fileEncoding = 4; lastKnownFileType = sourcecode.c.objc; path = ASIS3BucketObject.m; sourceTree = "<group>"; };
		A90FE0DE14F0CD230087A680 /* ASIS3BucketRequest.h */ = {isa = PBXFileReference; fileEncoding = 4; lastKnownFileType = sourcecode.c.h; path = ASIS3BucketRequest.h; sourceTree = "<group>"; };
		A90FE0DF14F0CD230087A680 /* ASIS3BucketRequest.m */ = {isa = PBXFileReference; fileEncoding = 4; lastKnownFileType = sourcecode.c.objc; path = ASIS3BucketRequest.m; sourceTree = "<group>"; };
		A90FE0E014F0CD230087A680 /* ASIS3ObjectRequest.h */ = {isa = PBXFileReference; fileEncoding = 4; lastKnownFileType = sourcecode.c.h; path = ASIS3ObjectRequest.h; sourceTree = "<group>"; };
		A90FE0E114F0CD230087A680 /* ASIS3ObjectRequest.m */ = {isa = PBXFileReference; fileEncoding = 4; lastKnownFileType = sourcecode.c.objc; path = ASIS3ObjectRequest.m; sourceTree = "<group>"; };
		A90FE0E214F0CD230087A680 /* ASIS3Request.h */ = {isa = PBXFileReference; fileEncoding = 4; lastKnownFileType = sourcecode.c.h; path = ASIS3Request.h; sourceTree = "<group>"; };
		A90FE0E314F0CD230087A680 /* ASIS3Request.m */ = {isa = PBXFileReference; fileEncoding = 4; lastKnownFileType = sourcecode.c.objc; path = ASIS3Request.m; sourceTree = "<group>"; };
		A90FE0E414F0CD230087A680 /* ASIS3ServiceRequest.h */ = {isa = PBXFileReference; fileEncoding = 4; lastKnownFileType = sourcecode.c.h; path = ASIS3ServiceRequest.h; sourceTree = "<group>"; };
		A90FE0E514F0CD230087A680 /* ASIS3ServiceRequest.m */ = {isa = PBXFileReference; fileEncoding = 4; lastKnownFileType = sourcecode.c.objc; path = ASIS3ServiceRequest.m; sourceTree = "<group>"; };
		A90FE12D14F0CE310087A680 /* Reachability.h */ = {isa = PBXFileReference; fileEncoding = 4; lastKnownFileType = sourcecode.c.h; path = Reachability.h; sourceTree = "<group>"; };
		A90FE12E14F0CE310087A680 /* Reachability.m */ = {isa = PBXFileReference; fileEncoding = 4; lastKnownFileType = sourcecode.c.objc; path = Reachability.m; sourceTree = "<group>"; };
		A955180F14F1308D00C6A6E2 /* 8853bd5b7c66f6659a33f085cccad3fa.jpg */ = {isa = PBXFileReference; lastKnownFileType = image.jpeg; path = 8853bd5b7c66f6659a33f085cccad3fa.jpg; sourceTree = "<group>"; };
		A959857A15297917000C87A2 /* MapViewController.h */ = {isa = PBXFileReference; fileEncoding = 4; lastKnownFileType = sourcecode.c.h; path = MapViewController.h; sourceTree = "<group>"; };
		A959857B15297917000C87A2 /* MapViewController.m */ = {isa = PBXFileReference; fileEncoding = 4; lastKnownFileType = sourcecode.c.objc; path = MapViewController.m; sourceTree = "<group>"; };
		A959858F15297D76000C87A2 /* change_btn01@2x.png */ = {isa = PBXFileReference; lastKnownFileType = image.png; path = "change_btn01@2x.png"; sourceTree = "<group>"; };
		A959859015297D76000C87A2 /* change_btn02@2x.png */ = {isa = PBXFileReference; lastKnownFileType = image.png; path = "change_btn02@2x.png"; sourceTree = "<group>"; };
		A959859115297D76000C87A2 /* map_btn@2x.png */ = {isa = PBXFileReference; lastKnownFileType = image.png; path = "map_btn@2x.png"; sourceTree = "<group>"; };
		A959859215297D76000C87A2 /* send_btn01@2x.png */ = {isa = PBXFileReference; lastKnownFileType = image.png; path = "send_btn01@2x.png"; sourceTree = "<group>"; };
		A959859315297D76000C87A2 /* send_btn02@2x.png */ = {isa = PBXFileReference; lastKnownFileType = image.png; path = "send_btn02@2x.png"; sourceTree = "<group>"; };
		A959859915297D7E000C87A2 /* background@2x.png */ = {isa = PBXFileReference; lastKnownFileType = image.png; path = "background@2x.png"; sourceTree = "<group>"; };
		A959859C1529819F000C87A2 /* en */ = {isa = PBXFileReference; lastKnownFileType = file.xib; name = en; path = en.lproj/MainView.xib; sourceTree = "<group>"; };
		A959859E152981A7000C87A2 /* zh-Hans */ = {isa = PBXFileReference; lastKnownFileType = file.xib; name = "zh-Hans"; path = "zh-Hans.lproj/MainView.xib"; sourceTree = "<group>"; };
		A95A82DA13B850D200FC730D /* HistoryTableCell.h */ = {isa = PBXFileReference; fileEncoding = 4; lastKnownFileType = sourcecode.c.h; path = HistoryTableCell.h; sourceTree = "<group>"; };
		A95A82DB13B850D200FC730D /* HistoryTableCell.m */ = {isa = PBXFileReference; fileEncoding = 4; lastKnownFileType = sourcecode.c.objc; path = HistoryTableCell.m; sourceTree = "<group>"; };
		A95A82DE13B850E200FC730D /* HistoryTableCell.xib */ = {isa = PBXFileReference; fileEncoding = 4; lastKnownFileType = file.xib; path = HistoryTableCell.xib; sourceTree = "<group>"; };
		A9B892BF13B464880084DE04 /* GoogleLocationApi.h */ = {isa = PBXFileReference; fileEncoding = 4; lastKnownFileType = sourcecode.c.h; path = GoogleLocationApi.h; sourceTree = "<group>"; };
		A9B892C013B464880084DE04 /* GoogleLocationApi.m */ = {isa = PBXFileReference; fileEncoding = 4; lastKnownFileType = sourcecode.c.objc; path = GoogleLocationApi.m; sourceTree = "<group>"; };
/* End PBXFileReference section */

/* Begin PBXFrameworksBuildPhase section */
		4108672F13B32803006F0B7B /* Frameworks */ = {
			isa = PBXFrameworksBuildPhase;
			buildActionMask = 2147483647;
			files = (
				410867B713B33BDE006F0B7B /* SystemConfiguration.framework in Frameworks */,
				410867B513B3374F006F0B7B /* CFNetwork.framework in Frameworks */,
				410867B313B33713006F0B7B /* libz.dylib in Frameworks */,
				410867B113B336FE006F0B7B /* MobileCoreServices.framework in Frameworks */,
				4108676A13B3344D006F0B7B /* CoreLocation.framework in Frameworks */,
				4108675B13B328E5006F0B7B /* MapKit.framework in Frameworks */,
				4108673713B32803006F0B7B /* UIKit.framework in Frameworks */,
				4108673913B32803006F0B7B /* Foundation.framework in Frameworks */,
				4108673B13B32803006F0B7B /* CoreGraphics.framework in Frameworks */,
			);
			runOnlyForDeploymentPostprocessing = 0;
		};
/* End PBXFrameworksBuildPhase section */

/* Begin PBXGroup section */
		4108672713B32803006F0B7B = {
			isa = PBXGroup;
			children = (
				4108673C13B32803006F0B7B /* iTaxi */,
				4108673513B32803006F0B7B /* Frameworks */,
				4108673313B32803006F0B7B /* Products */,
			);
			sourceTree = "<group>";
		};
		4108673313B32803006F0B7B /* Products */ = {
			isa = PBXGroup;
			children = (
				4108673213B32803006F0B7B /* itaxi.app */,
			);
			name = Products;
			sourceTree = "<group>";
		};
		4108673513B32803006F0B7B /* Frameworks */ = {
			isa = PBXGroup;
			children = (
				410867B213B33713006F0B7B /* libz.dylib */,
				410867B613B33BDE006F0B7B /* SystemConfiguration.framework */,
				410867B413B3374F006F0B7B /* CFNetwork.framework */,
				410867B013B336FE006F0B7B /* MobileCoreServices.framework */,
				4108676913B3344D006F0B7B /* CoreLocation.framework */,
				4108675A13B328E5006F0B7B /* MapKit.framework */,
				4108673613B32803006F0B7B /* UIKit.framework */,
				4108673813B32803006F0B7B /* Foundation.framework */,
				4108673A13B32803006F0B7B /* CoreGraphics.framework */,
			);
			name = Frameworks;
			sourceTree = "<group>";
		};
		4108673C13B32803006F0B7B /* iTaxi */ = {
			isa = PBXGroup;
			children = (
				A90AFD1913B75697002FD85D /* Model */,
				A90AFD1813B7568F002FD85D /* Controller */,
				410867B813B33CB1006F0B7B /* Network */,
				4108674513B32803006F0B7B /* iTaxiAppDelegate.h */,
				4108674613B32803006F0B7B /* iTaxiAppDelegate.m */,
				4108674813B32803006F0B7B /* MainWindow.xib */,
				4108676B13B3361C006F0B7B /* Third Part */,
				4108673D13B32803006F0B7B /* Supporting Files */,
				A9B892AD13B4370E0084DE04 /* Recourse */,
			);
			path = iTaxi;
			sourceTree = "<group>";
		};
		4108673D13B32803006F0B7B /* Supporting Files */ = {
			isa = PBXGroup;
			children = (
				4108673E13B32803006F0B7B /* iTaxi-Info.plist */,
				4108673F13B32803006F0B7B /* InfoPlist.strings */,
				4108674213B32803006F0B7B /* iTaxi-Prefix.pch */,
				4108674313B32803006F0B7B /* main.m */,
			);
			name = "Supporting Files";
			sourceTree = "<group>";
		};
		4108676B13B3361C006F0B7B /* Third Part */ = {
			isa = PBXGroup;
			children = (
				A90FE12D14F0CE310087A680 /* Reachability.h */,
				A90FE12E14F0CE310087A680 /* Reachability.m */,
				4108678C13B33688006F0B7B /* Touch_Json */,
				4108676C13B3364D006F0B7B /* ASIHttpRequest */,
			);
			name = "Third Part";
			sourceTree = "<group>";
		};
		4108676C13B3364D006F0B7B /* ASIHttpRequest */ = {
			isa = PBXGroup;
			children = (
				A90FE0B114F0CD230087A680 /* Classes */,
			);
			name = ASIHttpRequest;
			sourceTree = "<group>";
		};
		4108678C13B33688006F0B7B /* Touch_Json */ = {
			isa = PBXGroup;
			children = (
				4108678D13B336C9006F0B7B /* Source */,
			);
			name = Touch_Json;
			sourceTree = "<group>";
		};
		4108678D13B336C9006F0B7B /* Source */ = {
			isa = PBXGroup;
			children = (
				4108678E13B336C9006F0B7B /* CDataScanner.h */,
				4108678F13B336C9006F0B7B /* CDataScanner.m */,
				4108679013B336C9006F0B7B /* Experimental */,
				4108679913B336C9006F0B7B /* Extensions */,
				4108679E13B336C9006F0B7B /* JSON */,
			);
			path = Source;
			sourceTree = "<group>";
		};
		4108679013B336C9006F0B7B /* Experimental */ = {
			isa = PBXGroup;
			children = (
				4108679113B336C9006F0B7B /* CFilteringJSONSerializer.h */,
				4108679213B336C9006F0B7B /* CFilteringJSONSerializer.m */,
				4108679313B336C9006F0B7B /* CJSONDeserializer_BlocksExtensions.h */,
				4108679413B336C9006F0B7B /* CJSONDeserializer_BlocksExtensions.m */,
				4108679513B336C9006F0B7B /* CJSONSerialization.h */,
				4108679613B336C9006F0B7B /* CJSONSerialization.m */,
				4108679713B336C9006F0B7B /* CJSONSerializedData.h */,
				4108679813B336C9006F0B7B /* CJSONSerializedData.m */,
			);
			path = Experimental;
			sourceTree = "<group>";
		};
		4108679913B336C9006F0B7B /* Extensions */ = {
			isa = PBXGroup;
			children = (
				4108679A13B336C9006F0B7B /* CDataScanner_Extensions.h */,
				4108679B13B336C9006F0B7B /* CDataScanner_Extensions.m */,
				4108679C13B336C9006F0B7B /* NSDictionary_JSONExtensions.h */,
				4108679D13B336C9006F0B7B /* NSDictionary_JSONExtensions.m */,
			);
			path = Extensions;
			sourceTree = "<group>";
		};
		4108679E13B336C9006F0B7B /* JSON */ = {
			isa = PBXGroup;
			children = (
				4108679F13B336C9006F0B7B /* CJSONDeserializer.h */,
				410867A013B336C9006F0B7B /* CJSONDeserializer.m */,
				410867A113B336C9006F0B7B /* CJSONScanner.h */,
				410867A213B336C9006F0B7B /* CJSONScanner.m */,
				410867A313B336C9006F0B7B /* CJSONSerializer.h */,
				410867A413B336C9006F0B7B /* CJSONSerializer.m */,
				410867A513B336C9006F0B7B /* JSONRepresentation.h */,
			);
			path = JSON;
			sourceTree = "<group>";
		};
		410867B813B33CB1006F0B7B /* Network */ = {
			isa = PBXGroup;
			children = (
				410867C313B33D01006F0B7B /* LocateAndDownload.h */,
				410867C413B33D01006F0B7B /* LocateAndDownload.m */,
				A9B892BF13B464880084DE04 /* GoogleLocationApi.h */,
				A9B892C013B464880084DE04 /* GoogleLocationApi.m */,
			);
			name = Network;
			sourceTree = "<group>";
		};
		A90AFD1813B7568F002FD85D /* Controller */ = {
			isa = PBXGroup;
			children = (
				4108674B13B32803006F0B7B /* MainViewController.h */,
				4108674C13B32803006F0B7B /* MainViewController.m */,
				A959859D1529819F000C87A2 /* MainView.xib */,
				4108675013B32803006F0B7B /* FlipsideViewController.h */,
				4108675113B32803006F0B7B /* FlipsideViewController.m */,
				4108675313B32803006F0B7B /* FlipsideView.xib */,
				A95A82DA13B850D200FC730D /* HistoryTableCell.h */,
				A95A82DB13B850D200FC730D /* HistoryTableCell.m */,
				A95A82DE13B850E200FC730D /* HistoryTableCell.xib */,
				A90AFD1A13B75720002FD85D /* TaxiCompanyViewController.h */,
				A90AFD1B13B75720002FD85D /* TaxiCompanyViewController.m */,
				A90AFD1D13B75896002FD85D /* TaxiCompanyTableCell.h */,
				A90AFD1E13B75896002FD85D /* TaxiCompanyTableCell.m */,
				A90AFD2013B758B2002FD85D /* TaxiCompanyTableCell.xib */,
				A959857A15297917000C87A2 /* MapViewController.h */,
				A959857B15297917000C87A2 /* MapViewController.m */,
			);
			name = Controller;
			sourceTree = "<group>";
		};
		A90AFD1913B75697002FD85D /* Model */ = {
			isa = PBXGroup;
			children = (
				4108676613B3342F006F0B7B /* PlaceAnnotation.h */,
				4108676713B3342F006F0B7B /* PlaceAnnotation.m */,
			);
			name = Model;
			sourceTree = "<group>";
		};
		A90FE0B114F0CD230087A680 /* Classes */ = {
			isa = PBXGroup;
			children = (
				A90FE0B214F0CD230087A680 /* ASIAuthenticationDialog.h */,
				A90FE0B314F0CD230087A680 /* ASIAuthenticationDialog.m */,
				A90FE0B414F0CD230087A680 /* ASICacheDelegate.h */,
				A90FE0B514F0CD230087A680 /* ASIDataCompressor.h */,
				A90FE0B614F0CD230087A680 /* ASIDataCompressor.m */,
				A90FE0B714F0CD230087A680 /* ASIDataDecompressor.h */,
				A90FE0B814F0CD230087A680 /* ASIDataDecompressor.m */,
				A90FE0B914F0CD230087A680 /* ASIDownloadCache.h */,
				A90FE0BA14F0CD230087A680 /* ASIDownloadCache.m */,
				A90FE0BB14F0CD230087A680 /* ASIFormDataRequest.h */,
				A90FE0BC14F0CD230087A680 /* ASIFormDataRequest.m */,
				A90FE0BD14F0CD230087A680 /* ASIHTTPRequest.h */,
				A90FE0BE14F0CD230087A680 /* ASIHTTPRequest.m */,
				A90FE0BF14F0CD230087A680 /* ASIHTTPRequestConfig.h */,
				A90FE0C014F0CD230087A680 /* ASIHTTPRequestDelegate.h */,
				A90FE0C114F0CD230087A680 /* ASIInputStream.h */,
				A90FE0C214F0CD230087A680 /* ASIInputStream.m */,
				A90FE0C314F0CD230087A680 /* ASINetworkQueue.h */,
				A90FE0C414F0CD230087A680 /* ASINetworkQueue.m */,
				A90FE0C514F0CD230087A680 /* ASIProgressDelegate.h */,
				A90FE0C914F0CD230087A680 /* CloudFiles */,
				A90FE0D814F0CD230087A680 /* S3 */,
			);
			path = Classes;
			sourceTree = "<group>";
		};
		A90FE0C914F0CD230087A680 /* CloudFiles */ = {
			isa = PBXGroup;
			children = (
				A90FE0CA14F0CD230087A680 /* ASICloudFilesCDNRequest.h */,
				A90FE0CB14F0CD230087A680 /* ASICloudFilesCDNRequest.m */,
				A90FE0CC14F0CD230087A680 /* ASICloudFilesContainer.h */,
				A90FE0CD14F0CD230087A680 /* ASICloudFilesContainer.m */,
				A90FE0CE14F0CD230087A680 /* ASICloudFilesContainerRequest.h */,
				A90FE0CF14F0CD230087A680 /* ASICloudFilesContainerRequest.m */,
				A90FE0D014F0CD230087A680 /* ASICloudFilesContainerXMLParserDelegate.h */,
				A90FE0D114F0CD230087A680 /* ASICloudFilesContainerXMLParserDelegate.m */,
				A90FE0D214F0CD230087A680 /* ASICloudFilesObject.h */,
				A90FE0D314F0CD230087A680 /* ASICloudFilesObject.m */,
				A90FE0D414F0CD230087A680 /* ASICloudFilesObjectRequest.h */,
				A90FE0D514F0CD230087A680 /* ASICloudFilesObjectRequest.m */,
				A90FE0D614F0CD230087A680 /* ASICloudFilesRequest.h */,
				A90FE0D714F0CD230087A680 /* ASICloudFilesRequest.m */,
			);
			path = CloudFiles;
			sourceTree = "<group>";
		};
		A90FE0D814F0CD230087A680 /* S3 */ = {
			isa = PBXGroup;
			children = (
				A90FE0D914F0CD230087A680 /* ASINSXMLParserCompat.h */,
				A90FE0DA14F0CD230087A680 /* ASIS3Bucket.h */,
				A90FE0DB14F0CD230087A680 /* ASIS3Bucket.m */,
				A90FE0DC14F0CD230087A680 /* ASIS3BucketObject.h */,
				A90FE0DD14F0CD230087A680 /* ASIS3BucketObject.m */,
				A90FE0DE14F0CD230087A680 /* ASIS3BucketRequest.h */,
				A90FE0DF14F0CD230087A680 /* ASIS3BucketRequest.m */,
				A90FE0E014F0CD230087A680 /* ASIS3ObjectRequest.h */,
				A90FE0E114F0CD230087A680 /* ASIS3ObjectRequest.m */,
				A90FE0E214F0CD230087A680 /* ASIS3Request.h */,
				A90FE0E314F0CD230087A680 /* ASIS3Request.m */,
				A90FE0E414F0CD230087A680 /* ASIS3ServiceRequest.h */,
				A90FE0E514F0CD230087A680 /* ASIS3ServiceRequest.m */,
			);
			path = S3;
			sourceTree = "<group>";
		};
		A959857E15297D37000C87A2 /* Buttons */ = {
			isa = PBXGroup;
			children = (
				A959858F15297D76000C87A2 /* change_btn01@2x.png */,
				A959859015297D76000C87A2 /* change_btn02@2x.png */,
				A959859115297D76000C87A2 /* map_btn@2x.png */,
				A959859215297D76000C87A2 /* send_btn01@2x.png */,
				A959859315297D76000C87A2 /* send_btn02@2x.png */,
			);
			name = Buttons;
			sourceTree = "<group>";
		};
		A9B6746C14EFE4B9007A06F7 /* Image */ = {
			isa = PBXGroup;
			children = (
				A959859915297D7E000C87A2 /* background@2x.png */,
				A959857E15297D37000C87A2 /* Buttons */,
				A955180F14F1308D00C6A6E2 /* 8853bd5b7c66f6659a33f085cccad3fa.jpg */,
			);
			name = Image;
			sourceTree = "<group>";
		};
		A9B892AD13B4370E0084DE04 /* Recourse */ = {
			isa = PBXGroup;
			children = (
				A9B6746C14EFE4B9007A06F7 /* Image */,
				A90AFD1513B7533C002FD85D /* TaxiCompany.plist */,
			);
			name = Recourse;
			sourceTree = "<group>";
		};
/* End PBXGroup section */

/* Begin PBXNativeTarget section */
		4108673113B32803006F0B7B /* iTaxi */ = {
			isa = PBXNativeTarget;
			buildConfigurationList = 4108675713B32803006F0B7B /* Build configuration list for PBXNativeTarget "iTaxi" */;
			buildPhases = (
				4108672E13B32803006F0B7B /* Sources */,
				4108672F13B32803006F0B7B /* Frameworks */,
				4108673013B32803006F0B7B /* Resources */,
			);
			buildRules = (
			);
			dependencies = (
			);
			name = iTaxi;
			productName = iTaxi;
			productReference = 4108673213B32803006F0B7B /* itaxi.app */;
			productType = "com.apple.product-type.application";
		};
/* End PBXNativeTarget section */

/* Begin PBXProject section */
		4108672913B32803006F0B7B /* Project object */ = {
			isa = PBXProject;
			attributes = {
				LastUpgradeCheck = 0420;
			};
			buildConfigurationList = 4108672C13B32803006F0B7B /* Build configuration list for PBXProject "iTaxi" */;
			compatibilityVersion = "Xcode 3.2";
			developmentRegion = English;
			hasScannedForEncodings = 0;
			knownRegions = (
				en,
				"zh-Hans",
			);
			mainGroup = 4108672713B32803006F0B7B;
			productRefGroup = 4108673313B32803006F0B7B /* Products */;
			projectDirPath = "";
			projectRoot = "";
			targets = (
				4108673113B32803006F0B7B /* iTaxi */,
			);
		};
/* End PBXProject section */

/* Begin PBXResourcesBuildPhase section */
		4108673013B32803006F0B7B /* Resources */ = {
			isa = PBXResourcesBuildPhase;
			buildActionMask = 2147483647;
			files = (
				4108674113B32803006F0B7B /* InfoPlist.strings in Resources */,
				4108674A13B32803006F0B7B /* MainWindow.xib in Resources */,
				A959859B1529819F000C87A2 /* MainView.xib in Resources */,
				4108675413B32803006F0B7B /* FlipsideView.xib in Resources */,
				A90AFD1613B7533C002FD85D /* TaxiCompany.plist in Resources */,
				A90AFD2113B758B3002FD85D /* TaxiCompanyTableCell.xib in Resources */,
				A95A82DF13B850E200FC730D /* HistoryTableCell.xib in Resources */,
				A955181014F1308E00C6A6E2 /* 8853bd5b7c66f6659a33f085cccad3fa.jpg in Resources */,
				A959859415297D76000C87A2 /* change_btn01@2x.png in Resources */,
				A959859515297D76000C87A2 /* change_btn02@2x.png in Resources */,
				A959859615297D76000C87A2 /* map_btn@2x.png in Resources */,
				A959859715297D76000C87A2 /* send_btn01@2x.png in Resources */,
				A959859815297D76000C87A2 /* send_btn02@2x.png in Resources */,
				A959859A15297D7E000C87A2 /* background@2x.png in Resources */,
			);
			runOnlyForDeploymentPostprocessing = 0;
		};
/* End PBXResourcesBuildPhase section */

/* Begin PBXSourcesBuildPhase section */
		4108672E13B32803006F0B7B /* Sources */ = {
			isa = PBXSourcesBuildPhase;
			buildActionMask = 2147483647;
			files = (
				4108674413B32803006F0B7B /* main.m in Sources */,
				4108674713B32803006F0B7B /* iTaxiAppDelegate.m in Sources */,
				4108674D13B32803006F0B7B /* MainViewController.m in Sources */,
				4108675213B32803006F0B7B /* FlipsideViewController.m in Sources */,
				4108676813B3342F006F0B7B /* PlaceAnnotation.m in Sources */,
				410867A613B336C9006F0B7B /* CDataScanner.m in Sources */,
				410867A713B336C9006F0B7B /* CFilteringJSONSerializer.m in Sources */,
				410867A813B336C9006F0B7B /* CJSONDeserializer_BlocksExtensions.m in Sources */,
				410867A913B336C9006F0B7B /* CJSONSerialization.m in Sources */,
				410867AA13B336C9006F0B7B /* CJSONSerializedData.m in Sources */,
				410867AB13B336C9006F0B7B /* CDataScanner_Extensions.m in Sources */,
				410867AC13B336C9006F0B7B /* NSDictionary_JSONExtensions.m in Sources */,
				410867AD13B336C9006F0B7B /* CJSONDeserializer.m in Sources */,
				410867AE13B336C9006F0B7B /* CJSONScanner.m in Sources */,
				410867AF13B336C9006F0B7B /* CJSONSerializer.m in Sources */,
				410867C513B33D01006F0B7B /* LocateAndDownload.m in Sources */,
				A9B892C113B464880084DE04 /* GoogleLocationApi.m in Sources */,
				A90AFD1C13B75720002FD85D /* TaxiCompanyViewController.m in Sources */,
				A90AFD1F13B75896002FD85D /* TaxiCompanyTableCell.m in Sources */,
				A95A82DC13B850D200FC730D /* HistoryTableCell.m in Sources */,
				A90FE10414F0CD230087A680 /* ASIAuthenticationDialog.m in Sources */,
				A90FE10514F0CD230087A680 /* ASIDataCompressor.m in Sources */,
				A90FE10614F0CD230087A680 /* ASIDataDecompressor.m in Sources */,
				A90FE10714F0CD230087A680 /* ASIDownloadCache.m in Sources */,
				A90FE10814F0CD230087A680 /* ASIFormDataRequest.m in Sources */,
				A90FE10914F0CD230087A680 /* ASIHTTPRequest.m in Sources */,
				A90FE10A14F0CD230087A680 /* ASIInputStream.m in Sources */,
				A90FE10B14F0CD230087A680 /* ASINetworkQueue.m in Sources */,
				A90FE10D14F0CD230087A680 /* ASICloudFilesCDNRequest.m in Sources */,
				A90FE10E14F0CD230087A680 /* ASICloudFilesContainer.m in Sources */,
				A90FE10F14F0CD230087A680 /* ASICloudFilesContainerRequest.m in Sources */,
				A90FE11014F0CD230087A680 /* ASICloudFilesContainerXMLParserDelegate.m in Sources */,
				A90FE11114F0CD230087A680 /* ASICloudFilesObject.m in Sources */,
				A90FE11214F0CD230087A680 /* ASICloudFilesObjectRequest.m in Sources */,
				A90FE11314F0CD230087A680 /* ASICloudFilesRequest.m in Sources */,
				A90FE11414F0CD230087A680 /* ASIS3Bucket.m in Sources */,
				A90FE11514F0CD230087A680 /* ASIS3BucketObject.m in Sources */,
				A90FE11614F0CD230087A680 /* ASIS3BucketRequest.m in Sources */,
				A90FE11714F0CD230087A680 /* ASIS3ObjectRequest.m in Sources */,
				A90FE11814F0CD230087A680 /* ASIS3Request.m in Sources */,
				A90FE11914F0CD230087A680 /* ASIS3ServiceRequest.m in Sources */,
				A90FE12F14F0CE320087A680 /* Reachability.m in Sources */,
				A959857C15297917000C87A2 /* MapViewController.m in Sources */,
			);
			runOnlyForDeploymentPostprocessing = 0;
		};
/* End PBXSourcesBuildPhase section */

/* Begin PBXVariantGroup section */
		4108673F13B32803006F0B7B /* InfoPlist.strings */ = {
			isa = PBXVariantGroup;
			children = (
				4108674013B32803006F0B7B /* en */,
			);
			name = InfoPlist.strings;
			sourceTree = "<group>";
		};
		4108674813B32803006F0B7B /* MainWindow.xib */ = {
			isa = PBXVariantGroup;
			children = (
				4108674913B32803006F0B7B /* en */,
			);
			name = MainWindow.xib;
			sourceTree = "<group>";
		};
		A959859D1529819F000C87A2 /* MainView.xib */ = {
			isa = PBXVariantGroup;
			children = (
				A959859C1529819F000C87A2 /* en */,
				A959859E152981A7000C87A2 /* zh-Hans */,
			);
			name = MainView.xib;
			sourceTree = "<group>";
		};
/* End PBXVariantGroup section */

/* Begin XCBuildConfiguration section */
		4108675513B32803006F0B7B /* Debug */ = {
			isa = XCBuildConfiguration;
			buildSettings = {
				ARCHS = "$(ARCHS_STANDARD_32_BIT)";
				CODE_SIGN_IDENTITY = "iPhone Developer: Jianjun Wu (VC2QCB97TF)";
				"CODE_SIGN_IDENTITY[sdk=iphoneos*]" = "iPhone Developer: Jianjun Wu (VC2QCB97TF)";
				GCC_C_LANGUAGE_STANDARD = gnu99;
				GCC_OPTIMIZATION_LEVEL = 0;
				GCC_PREPROCESSOR_DEFINITIONS = DEBUG;
				GCC_SYMBOLS_PRIVATE_EXTERN = NO;
				GCC_VERSION = com.apple.compilers.llvmgcc42;
				GCC_WARN_ABOUT_RETURN_TYPE = YES;
				GCC_WARN_UNUSED_VARIABLE = YES;
				IPHONEOS_DEPLOYMENT_TARGET = 4.3;
				PROVISIONING_PROFILE = "720BE89A-821A-4418-9EE5-4E8CA2077779";
				"PROVISIONING_PROFILE[sdk=iphoneos*]" = "720BE89A-821A-4418-9EE5-4E8CA2077779";
				SDKROOT = iphoneos;
			};
			name = Debug;
		};
		4108675613B32803006F0B7B /* Release */ = {
			isa = XCBuildConfiguration;
			buildSettings = {
				ARCHS = "$(ARCHS_STANDARD_32_BIT)";
				CODE_SIGN_IDENTITY = "iPhone Developer: Jianjun Wu (VC2QCB97TF)";
				"CODE_SIGN_IDENTITY[sdk=iphoneos*]" = "iPhone Developer: Jianjun Wu (VC2QCB97TF)";
				GCC_C_LANGUAGE_STANDARD = gnu99;
				GCC_VERSION = com.apple.compilers.llvmgcc42;
				GCC_WARN_ABOUT_RETURN_TYPE = YES;
				GCC_WARN_UNUSED_VARIABLE = YES;
				IPHONEOS_DEPLOYMENT_TARGET = 4.3;
				OTHER_CFLAGS = "-DNS_BLOCK_ASSERTIONS=1";
				PROVISIONING_PROFILE = "720BE89A-821A-4418-9EE5-4E8CA2077779";
				"PROVISIONING_PROFILE[sdk=iphoneos*]" = "720BE89A-821A-4418-9EE5-4E8CA2077779";
				SDKROOT = iphoneos;
			};
			name = Release;
		};
		4108675813B32803006F0B7B /* Debug */ = {
			isa = XCBuildConfiguration;
			buildSettings = {
				ALWAYS_SEARCH_USER_PATHS = NO;
				CODE_SIGN_IDENTITY = "iPhone Developer: Jianjun Wu (VC2QCB97TF)";
				"CODE_SIGN_IDENTITY[sdk=iphoneos*]" = "iPhone Developer: Jianjun Wu (VC2QCB97TF)";
				COPY_PHASE_STRIP = NO;
				GCC_DYNAMIC_NO_PIC = NO;
				GCC_PRECOMPILE_PREFIX_HEADER = YES;
				GCC_PREFIX_HEADER = "iTaxi/iTaxi-Prefix.pch";
				GCC_VERSION = com.apple.compilers.llvm.clang.1_0;
				INFOPLIST_FILE = "iTaxi/iTaxi-Info.plist";
				PRODUCT_NAME = itaxi;
				PROVISIONING_PROFILE = "95D0BF6A-8BCE-4B84-9E2F-74C56D978FAA";
				"PROVISIONING_PROFILE[sdk=iphoneos*]" = "95D0BF6A-8BCE-4B84-9E2F-74C56D978FAA";
				WRAPPER_EXTENSION = app;
			};
			name = Debug;
		};
		4108675913B32803006F0B7B /* Release */ = {
			isa = XCBuildConfiguration;
			buildSettings = {
				ALWAYS_SEARCH_USER_PATHS = NO;
				CODE_SIGN_IDENTITY = "iPhone Developer: Jianjun Wu (VC2QCB97TF)";
				"CODE_SIGN_IDENTITY[sdk=iphoneos*]" = "iPhone Developer: Jianjun Wu (VC2QCB97TF)";
				COPY_PHASE_STRIP = YES;
				GCC_PRECOMPILE_PREFIX_HEADER = YES;
				GCC_PREFIX_HEADER = "iTaxi/iTaxi-Prefix.pch";
				GCC_VERSION = com.apple.compilers.llvm.clang.1_0;
				INFOPLIST_FILE = "iTaxi/iTaxi-Info.plist";
				PRODUCT_NAME = itaxi;
				PROVISIONING_PROFILE = "95D0BF6A-8BCE-4B84-9E2F-74C56D978FAA";
				"PROVISIONING_PROFILE[sdk=iphoneos*]" = "95D0BF6A-8BCE-4B84-9E2F-74C56D978FAA";
				VALIDATE_PRODUCT = YES;
				WRAPPER_EXTENSION = app;
			};
			name = Release;
		};
/* End XCBuildConfiguration section */

/* Begin XCConfigurationList section */
		4108672C13B32803006F0B7B /* Build configuration list for PBXProject "iTaxi" */ = {
			isa = XCConfigurationList;
			buildConfigurations = (
				4108675513B32803006F0B7B /* Debug */,
				4108675613B32803006F0B7B /* Release */,
			);
			defaultConfigurationIsVisible = 0;
			defaultConfigurationName = Release;
		};
		4108675713B32803006F0B7B /* Build configuration list for PBXNativeTarget "iTaxi" */ = {
			isa = XCConfigurationList;
			buildConfigurations = (
				4108675813B32803006F0B7B /* Debug */,
				4108675913B32803006F0B7B /* Release */,
			);
			defaultConfigurationIsVisible = 0;
			defaultConfigurationName = Release;
		};
/* End XCConfigurationList section */
	};
	rootObject = 4108672913B32803006F0B7B /* Project object */;
}
